// !$*UTF8*$!
{
	archiveVersion = 1;
	classes = {
	};
	objectVersion = 50;
	objects = {

/* Begin PBXBuildFile section */
		7AA948362270C17A00636348 /* AppDelegate.swift in Sources */ = {isa = PBXBuildFile; fileRef = 7AA948352270C17A00636348 /* AppDelegate.swift */; };
		7AA9483B2270C17A00636348 /* Main.storyboard in Resources */ = {isa = PBXBuildFile; fileRef = 7AA948392270C17A00636348 /* Main.storyboard */; };
		7AA9483D2270C17E00636348 /* Assets.xcassets in Resources */ = {isa = PBXBuildFile; fileRef = 7AA9483C2270C17E00636348 /* Assets.xcassets */; };
		7AA948402270C17E00636348 /* LaunchScreen.storyboard in Resources */ = {isa = PBXBuildFile; fileRef = 7AA9483E2270C17E00636348 /* LaunchScreen.storyboard */; };
		7AA948482270D20C00636348 /* NotesViewController.swift in Sources */ = {isa = PBXBuildFile; fileRef = 7AA948472270D20C00636348 /* NotesViewController.swift */; };
		7AA9484A2270D89300636348 /* Note.swift in Sources */ = {isa = PBXBuildFile; fileRef = 7AA948492270D89300636348 /* Note.swift */; };
		7AA9484D2270D8CA00636348 /* NoteController.swift in Sources */ = {isa = PBXBuildFile; fileRef = 7AA9484C2270D8CA00636348 /* NoteController.swift */; };
		7AA948502270DA3000636348 /* NoteTableViewCell.swift in Sources */ = {isa = PBXBuildFile; fileRef = 7AA9484F2270DA3000636348 /* NoteTableViewCell.swift */; };
		7AA948542270F1C600636348 /* NoteDetailViewController.swift in Sources */ = {isa = PBXBuildFile; fileRef = 7AA948532270F1C600636348 /* NoteDetailViewController.swift */; };
/* End PBXBuildFile section */

/* Begin PBXFileReference section */
		7AA948322270C17A00636348 /* Notes.app */ = {isa = PBXFileReference; explicitFileType = wrapper.application; includeInIndex = 0; path = Notes.app; sourceTree = BUILT_PRODUCTS_DIR; };
		7AA948352270C17A00636348 /* AppDelegate.swift */ = {isa = PBXFileReference; lastKnownFileType = sourcecode.swift; path = AppDelegate.swift; sourceTree = "<group>"; };
		7AA9483A2270C17A00636348 /* Base */ = {isa = PBXFileReference; lastKnownFileType = file.storyboard; name = Base; path = Base.lproj/Main.storyboard; sourceTree = "<group>"; };
		7AA9483C2270C17E00636348 /* Assets.xcassets */ = {isa = PBXFileReference; lastKnownFileType = folder.assetcatalog; path = Assets.xcassets; sourceTree = "<group>"; };
		7AA9483F2270C17E00636348 /* Base */ = {isa = PBXFileReference; lastKnownFileType = file.storyboard; name = Base; path = Base.lproj/LaunchScreen.storyboard; sourceTree = "<group>"; };
		7AA948412270C17E00636348 /* Info.plist */ = {isa = PBXFileReference; lastKnownFileType = text.plist.xml; path = Info.plist; sourceTree = "<group>"; };
		7AA948472270D20C00636348 /* NotesViewController.swift */ = {isa = PBXFileReference; lastKnownFileType = sourcecode.swift; path = NotesViewController.swift; sourceTree = "<group>"; };
		7AA948492270D89300636348 /* Note.swift */ = {isa = PBXFileReference; lastKnownFileType = sourcecode.swift; path = Note.swift; sourceTree = "<group>"; };
		7AA9484C2270D8CA00636348 /* NoteController.swift */ = {isa = PBXFileReference; lastKnownFileType = sourcecode.swift; path = NoteController.swift; sourceTree = "<group>"; };
		7AA9484F2270DA3000636348 /* NoteTableViewCell.swift */ = {isa = PBXFileReference; lastKnownFileType = sourcecode.swift; path = NoteTableViewCell.swift; sourceTree = "<group>"; };
		7AA948532270F1C600636348 /* NoteDetailViewController.swift */ = {isa = PBXFileReference; lastKnownFileType = sourcecode.swift; path = NoteDetailViewController.swift; sourceTree = "<group>"; };
/* End PBXFileReference section */

/* Begin PBXFrameworksBuildPhase section */
		7AA9482F2270C17A00636348 /* Frameworks */ = {
			isa = PBXFrameworksBuildPhase;
			buildActionMask = 2147483647;
			files = (
			);
			runOnlyForDeploymentPostprocessing = 0;
		};
/* End PBXFrameworksBuildPhase section */

/* Begin PBXGroup section */
		7AA948292270C17A00636348 = {
			isa = PBXGroup;
			children = (
				7AA948342270C17A00636348 /* Notes */,
				7AA948332270C17A00636348 /* Products */,
			);
			sourceTree = "<group>";
		};
		7AA948332270C17A00636348 /* Products */ = {
			isa = PBXGroup;
			children = (
				7AA948322270C17A00636348 /* Notes.app */,
			);
			name = Products;
			sourceTree = "<group>";
		};
		7AA948342270C17A00636348 /* Notes */ = {
			isa = PBXGroup;
			children = (
				7AA948352270C17A00636348 /* AppDelegate.swift */,
				7AA9484B2270D8A900636348 /* Model */,
				7AA9484E2270D8CE00636348 /* Model Controller */,
				7AA948512270DA5C00636348 /* View Controllers */,
				7AA948522270DA6F00636348 /* Views */,
				7AA948392270C17A00636348 /* Main.storyboard */,
				7AA9483C2270C17E00636348 /* Assets.xcassets */,
				7AA9483E2270C17E00636348 /* LaunchScreen.storyboard */,
				7AA948412270C17E00636348 /* Info.plist */,
			);
			path = Notes;
			sourceTree = "<group>";
		};
		7AA9484B2270D8A900636348 /* Model */ = {
			isa = PBXGroup;
			children = (
				7AA948492270D89300636348 /* Note.swift */,
			);
			path = Model;
			sourceTree = "<group>";
		};
		7AA9484E2270D8CE00636348 /* Model Controller */ = {
			isa = PBXGroup;
			children = (
				7AA9484C2270D8CA00636348 /* NoteController.swift */,
			);
			path = "Model Controller";
			sourceTree = "<group>";
		};
		7AA948512270DA5C00636348 /* View Controllers */ = {
			isa = PBXGroup;
			children = (
				7AA948472270D20C00636348 /* NotesViewController.swift */,
				7AA948532270F1C600636348 /* NoteDetailViewController.swift */,
			);
			path = "View Controllers";
			sourceTree = "<group>";
		};
		7AA948522270DA6F00636348 /* Views */ = {
			isa = PBXGroup;
			children = (
				7AA9484F2270DA3000636348 /* NoteTableViewCell.swift */,
			);
			path = Views;
			sourceTree = "<group>";
		};
/* End PBXGroup section */

/* Begin PBXNativeTarget section */
		7AA948312270C17A00636348 /* Notes */ = {
			isa = PBXNativeTarget;
			buildConfigurationList = 7AA948442270C17E00636348 /* Build configuration list for PBXNativeTarget "Notes" */;
			buildPhases = (
				7AA9482E2270C17A00636348 /* Sources */,
				7AA9482F2270C17A00636348 /* Frameworks */,
				7AA948302270C17A00636348 /* Resources */,
			);
			buildRules = (
			);
			dependencies = (
			);
			name = Notes;
			productName = Notes;
			productReference = 7AA948322270C17A00636348 /* Notes.app */;
			productType = "com.apple.product-type.application";
		};
/* End PBXNativeTarget section */

/* Begin PBXProject section */
		7AA9482A2270C17A00636348 /* Project object */ = {
			isa = PBXProject;
			attributes = {
				LastSwiftUpdateCheck = 1020;
				LastUpgradeCheck = 1020;
				ORGANIZATIONNAME = "Nelson Gonzalez";
				TargetAttributes = {
					7AA948312270C17A00636348 = {
						CreatedOnToolsVersion = 10.2.1;
					};
				};
			};
			buildConfigurationList = 7AA9482D2270C17A00636348 /* Build configuration list for PBXProject "Notes" */;
			compatibilityVersion = "Xcode 9.3";
			developmentRegion = en;
			hasScannedForEncodings = 0;
			knownRegions = (
				en,
				Base,
			);
			mainGroup = 7AA948292270C17A00636348;
			productRefGroup = 7AA948332270C17A00636348 /* Products */;
			projectDirPath = "";
			projectRoot = "";
			targets = (
				7AA948312270C17A00636348 /* Notes */,
			);
		};
/* End PBXProject section */

/* Begin PBXResourcesBuildPhase section */
		7AA948302270C17A00636348 /* Resources */ = {
			isa = PBXResourcesBuildPhase;
			buildActionMask = 2147483647;
			files = (
				7AA948402270C17E00636348 /* LaunchScreen.storyboard in Resources */,
				7AA9483D2270C17E00636348 /* Assets.xcassets in Resources */,
				7AA9483B2270C17A00636348 /* Main.storyboard in Resources */,
			);
			runOnlyForDeploymentPostprocessing = 0;
		};
/* End PBXResourcesBuildPhase section */

/* Begin PBXSourcesBuildPhase section */
		7AA9482E2270C17A00636348 /* Sources */ = {
			isa = PBXSourcesBuildPhase;
			buildActionMask = 2147483647;
			files = (
				7AA948482270D20C00636348 /* NotesViewController.swift in Sources */,
				7AA9484D2270D8CA00636348 /* NoteController.swift in Sources */,
				7AA948362270C17A00636348 /* AppDelegate.swift in Sources */,
				7AA948502270DA3000636348 /* NoteTableViewCell.swift in Sources */,
				7AA9484A2270D89300636348 /* Note.swift in Sources */,
				7AA948542270F1C600636348 /* NoteDetailViewController.swift in Sources */,
			);
			runOnlyForDeploymentPostprocessing = 0;
		};
/* End PBXSourcesBuildPhase section */

/* Begin PBXVariantGroup section */
		7AA948392270C17A00636348 /* Main.storyboard */ = {
			isa = PBXVariantGroup;
			children = (
				7AA9483A2270C17A00636348 /* Base */,
			);
			name = Main.storyboard;
			sourceTree = "<group>";
		};
		7AA9483E2270C17E00636348 /* LaunchScreen.storyboard */ = {
			isa = PBXVariantGroup;
			children = (
				7AA9483F2270C17E00636348 /* Base */,
			);
			name = LaunchScreen.storyboard;
			sourceTree = "<group>";
		};
/* End PBXVariantGroup section */

/* Begin XCBuildConfiguration section */
		7AA948422270C17E00636348 /* Debug */ = {
			isa = XCBuildConfiguration;
			buildSettings = {
				ALWAYS_SEARCH_USER_PATHS = NO;
				CLANG_ANALYZER_NONNULL = YES;
				CLANG_ANALYZER_NUMBER_OBJECT_CONVERSION = YES_AGGRESSIVE;
				CLANG_CXX_LANGUAGE_STANDARD = "gnu++14";
				CLANG_CXX_LIBRARY = "libc++";
				CLANG_ENABLE_MODULES = YES;
				CLANG_ENABLE_OBJC_ARC = YES;
				CLANG_ENABLE_OBJC_WEAK = YES;
				CLANG_WARN_BLOCK_CAPTURE_AUTORELEASING = YES;
				CLANG_WARN_BOOL_CONVERSION = YES;
				CLANG_WARN_COMMA = YES;
				CLANG_WARN_CONSTANT_CONVERSION = YES;
				CLANG_WARN_DEPRECATED_OBJC_IMPLEMENTATIONS = YES;
				CLANG_WARN_DIRECT_OBJC_ISA_USAGE = YES_ERROR;
				CLANG_WARN_DOCUMENTATION_COMMENTS = YES;
				CLANG_WARN_EMPTY_BODY = YES;
				CLANG_WARN_ENUM_CONVERSION = YES;
				CLANG_WARN_INFINITE_RECURSION = YES;
				CLANG_WARN_INT_CONVERSION = YES;
				CLANG_WARN_NON_LITERAL_NULL_CONVERSION = YES;
				CLANG_WARN_OBJC_IMPLICIT_RETAIN_SELF = YES;
				CLANG_WARN_OBJC_LITERAL_CONVERSION = YES;
				CLANG_WARN_OBJC_ROOT_CLASS = YES_ERROR;
				CLANG_WARN_RANGE_LOOP_ANALYSIS = YES;
				CLANG_WARN_STRICT_PROTOTYPES = YES;
				CLANG_WARN_SUSPICIOUS_MOVE = YES;
				CLANG_WARN_UNGUARDED_AVAILABILITY = YES_AGGRESSIVE;
				CLANG_WARN_UNREACHABLE_CODE = YES;
				CLANG_WARN__DUPLICATE_METHOD_MATCH = YES;
				CODE_SIGN_IDENTITY = "iPhone Developer";
				COPY_PHASE_STRIP = NO;
				DEBUG_INFORMATION_FORMAT = dwarf;
				ENABLE_STRICT_OBJC_MSGSEND = YES;
				ENABLE_TESTABILITY = YES;
				GCC_C_LANGUAGE_STANDARD = gnu11;
				GCC_DYNAMIC_NO_PIC = NO;
				GCC_NO_COMMON_BLOCKS = YES;
				GCC_OPTIMIZATION_LEVEL = 0;
				GCC_PREPROCESSOR_DEFINITIONS = (
					"DEBUG=1",
					"$(inherited)",
				);
				GCC_WARN_64_TO_32_BIT_CONVERSION = YES;
				GCC_WARN_ABOUT_RETURN_TYPE = YES_ERROR;
				GCC_WARN_UNDECLARED_SELECTOR = YES;
				GCC_WARN_UNINITIALIZED_AUTOS = YES_AGGRESSIVE;
				GCC_WARN_UNUSED_FUNCTION = YES;
				GCC_WARN_UNUSED_VARIABLE = YES;
				IPHONEOS_DEPLOYMENT_TARGET = 12.2;
				MTL_ENABLE_DEBUG_INFO = INCLUDE_SOURCE;
				MTL_FAST_MATH = YES;
				ONLY_ACTIVE_ARCH = YES;
				SDKROOT = iphoneos;
				SWIFT_ACTIVE_COMPILATION_CONDITIONS = DEBUG;
				SWIFT_OPTIMIZATION_LEVEL = "-Onone";
			};
			name = Debug;
		};
		7AA948432270C17E00636348 /* Release */ = {
			isa = XCBuildConfiguration;
			buildSettings = {
				ALWAYS_SEARCH_USER_PATHS = NO;
				CLANG_ANALYZER_NONNULL = YES;
				CLANG_ANALYZER_NUMBER_OBJECT_CONVERSION = YES_AGGRESSIVE;
				CLANG_CXX_LANGUAGE_STANDARD = "gnu++14";
				CLANG_CXX_LIBRARY = "libc++";
				CLANG_ENABLE_MODULES = YES;
				CLANG_ENABLE_OBJC_ARC = YES;
				CLANG_ENABLE_OBJC_WEAK = YES;
				CLANG_WARN_BLOCK_CAPTURE_AUTORELEASING = YES;
				CLANG_WARN_BOOL_CONVERSION = YES;
				CLANG_WARN_COMMA = YES;
				CLANG_WARN_CONSTANT_CONVERSION = YES;
				CLANG_WARN_DEPRECATED_OBJC_IMPLEMENTATIONS = YES;
				CLANG_WARN_DIRECT_OBJC_ISA_USAGE = YES_ERROR;
				CLANG_WARN_DOCUMENTATION_COMMENTS = YES;
				CLANG_WARN_EMPTY_BODY = YES;
				CLANG_WARN_ENUM_CONVERSION = YES;
				CLANG_WARN_INFINITE_RECURSION = YES;
				CLANG_WARN_INT_CONVERSION = YES;
				CLANG_WARN_NON_LITERAL_NULL_CONVERSION = YES;
				CLANG_WARN_OBJC_IMPLICIT_RETAIN_SELF = YES;
				CLANG_WARN_OBJC_LITERAL_CONVERSION = YES;
				CLANG_WARN_OBJC_ROOT_CLASS = YES_ERROR;
				CLANG_WARN_RANGE_LOOP_ANALYSIS = YES;
				CLANG_WARN_STRICT_PROTOTYPES = YES;
				CLANG_WARN_SUSPICIOUS_MOVE = YES;
				CLANG_WARN_UNGUARDED_AVAILABILITY = YES_AGGRESSIVE;
				CLANG_WARN_UNREACHABLE_CODE = YES;
				CLANG_WARN__DUPLICATE_METHOD_MATCH = YES;
				CODE_SIGN_IDENTITY = "iPhone Developer";
				COPY_PHASE_STRIP = NO;
				DEBUG_INFORMATION_FORMAT = "dwarf-with-dsym";
				ENABLE_NS_ASSERTIONS = NO;
				ENABLE_STRICT_OBJC_MSGSEND = YES;
				GCC_C_LANGUAGE_STANDARD = gnu11;
				GCC_NO_COMMON_BLOCKS = YES;
				GCC_WARN_64_TO_32_BIT_CONVERSION = YES;
				GCC_WARN_ABOUT_RETURN_TYPE = YES_ERROR;
				GCC_WARN_UNDECLARED_SELECTOR = YES;
				GCC_WARN_UNINITIALIZED_AUTOS = YES_AGGRESSIVE;
				GCC_WARN_UNUSED_FUNCTION = YES;
				GCC_WARN_UNUSED_VARIABLE = YES;
				IPHONEOS_DEPLOYMENT_TARGET = 12.2;
				MTL_ENABLE_DEBUG_INFO = NO;
				MTL_FAST_MATH = YES;
				SDKROOT = iphoneos;
				SWIFT_COMPILATION_MODE = wholemodule;
				SWIFT_OPTIMIZATION_LEVEL = "-O";
				VALIDATE_PRODUCT = YES;
			};
			name = Release;
		};
		7AA948452270C17E00636348 /* Debug */ = {
			isa = XCBuildConfiguration;
			buildSettings = {
				ASSETCATALOG_COMPILER_APPICON_NAME = AppIcon;
				CODE_SIGN_STYLE = Automatic;
				DEVELOPMENT_TEAM = ZD9LN99SX6;
				INFOPLIST_FILE = Notes/Info.plist;
				LD_RUNPATH_SEARCH_PATHS = (
					"$(inherited)",
					"@executable_path/Frameworks",
				);
				PRODUCT_BUNDLE_IDENTIFIER = com.nelsongonzalez.Notes;
				PRODUCT_NAME = "$(TARGET_NAME)";
				SWIFT_VERSION = 5.0;
				TARGETED_DEVICE_FAMILY = "1,2";
			};
			name = Debug;
		};
		7AA948462270C17E00636348 /* Release */ = {
			isa = XCBuildConfiguration;
			buildSettings = {
				ASSETCATALOG_COMPILER_APPICON_NAME = AppIcon;
				CODE_SIGN_STYLE = Automatic;
				DEVELOPMENT_TEAM = ZD9LN99SX6;
				INFOPLIST_FILE = Notes/Info.plist;
				LD_RUNPATH_SEARCH_PATHS = (
					"$(inherited)",
					"@executable_path/Frameworks",
				);
				PRODUCT_BUNDLE_IDENTIFIER = com.nelsongonzalez.Notes;
				PRODUCT_NAME = "$(TARGET_NAME)";
				SWIFT_VERSION = 5.0;
				TARGETED_DEVICE_FAMILY = "1,2";
			};
			name = Release;
		};
/* End XCBuildConfiguration section */

/* Begin XCConfigurationList section */
		7AA9482D2270C17A00636348 /* Build configuration list for PBXProject "Notes" */ = {
			isa = XCConfigurationList;
			buildConfigurations = (
				7AA948422270C17E00636348 /* Debug */,
				7AA948432270C17E00636348 /* Release */,
			);
			defaultConfigurationIsVisible = 0;
			defaultConfigurationName = Release;
		};
		7AA948442270C17E00636348 /* Build configuration list for PBXNativeTarget "Notes" */ = {
			isa = XCConfigurationList;
			buildConfigurations = (
				7AA948452270C17E00636348 /* Debug */,
				7AA948462270C17E00636348 /* Release */,
			);
			defaultConfigurationIsVisible = 0;
			defaultConfigurationName = Release;
		};
/* End XCConfigurationList section */
	};
	rootObject = 7AA9482A2270C17A00636348 /* Project object */;
}
